
Microsoft Visual Studio Solution File, Format Version 12.00
# Visual Studio Version 17
VisualStudioVersion = 17.5.33530.505
MinimumVisualStudioVersion = 10.0.40219.1
Project("{FAE04EC0-301F-11D3-BF4B-00C04F79EFBC}") = "020523_NBUY", "020523_NBUY\020523_NBUY.csproj", "{450D700C-981E-4101-8A85-7AEC4605D860}"
EndProject
Global
	GlobalSection(SolutionConfigurationPlatforms) = preSolution
		Debug|Any CPU = Debug|Any CPU
		Release|Any CPU = Release|Any CPU
	EndGlobalSection
	GlobalSection(ProjectConfigurationPlatforms) = postSolution
		{450D700C-981E-4101-8A85-7AEC4605D860}.Debug|Any CPU.ActiveCfg = Debug|Any CPU
		{450D700C-981E-4101-8A85-7AEC4605D860}.Debug|Any CPU.Build.0 = Debug|Any CPU
		{450D700C-981E-4101-8A85-7AEC4605D860}.Release|Any CPU.ActiveCfg = Release|Any CPU
		{450D700C-981E-4101-8A85-7AEC4605D860}.Release|Any CPU.Build.0 = Release|Any CPU
	EndGlobalSection
	GlobalSection(SolutionProperties) = preSolution
		HideSolutionNode = FALSE
	EndGlobalSection
	GlobalSection(ExtensibilityGlobals) = postSolution
		SolutionGuid = {E510B262-8D97-4735-AC40-5E8513B603FC}
	EndGlobalSection
EndGlobal
